
Microsoft Visual Studio Solution File, Format Version 12.00
# Visual Studio Version 17
VisualStudioVersion = 17.8.34309.116
MinimumVisualStudioVersion = 10.0.40219.1
Project("{9A19103F-16F7-4668-BE54-9A1E7A4F7556}") = "User-Management-Web-Api", "UserManagement-API\User-Management-Web-Api.csproj", "{40BF3CA3-6B3C-47BA-ACFD-27FEEE0E6C16}"
EndProject
Project("{9A19103F-16F7-4668-BE54-9A1E7A4F7556}") = "EntityFrameworkSqlServer", "EntityFrameworkSqlServer\EntityFrameworkSqlServer.csproj", "{D7636D93-5951-4803-92B0-269EFA66B8AF}"
EndProject
Project("{9A19103F-16F7-4668-BE54-9A1E7A4F7556}") = "UserManagement-Model", "UserManagement-Model\UserManagement-Model.csproj", "{8A988A00-9C6D-4150-97E6-7306049465BF}"
EndProject
Project("{FAE04EC0-301F-11D3-BF4B-00C04F79EFBC}") = "User-Management-Web", "User-Management-Web\User-Management-Web.csproj", "{BC227183-7A13-4CC6-BC56-CF90CD3FB5F3}"
EndProject
Global
	GlobalSection(SolutionConfigurationPlatforms) = preSolution
		Debug|Any CPU = Debug|Any CPU
		Release|Any CPU = Release|Any CPU
	EndGlobalSection
	GlobalSection(ProjectConfigurationPlatforms) = postSolution
		{40BF3CA3-6B3C-47BA-ACFD-27FEEE0E6C16}.Debug|Any CPU.ActiveCfg = Debug|Any CPU
		{40BF3CA3-6B3C-47BA-ACFD-27FEEE0E6C16}.Debug|Any CPU.Build.0 = Debug|Any CPU
		{40BF3CA3-6B3C-47BA-ACFD-27FEEE0E6C16}.Release|Any CPU.ActiveCfg = Release|Any CPU
		{40BF3CA3-6B3C-47BA-ACFD-27FEEE0E6C16}.Release|Any CPU.Build.0 = Release|Any CPU
		{D7636D93-5951-4803-92B0-269EFA66B8AF}.Debug|Any CPU.ActiveCfg = Debug|Any CPU
		{D7636D93-5951-4803-92B0-269EFA66B8AF}.Debug|Any CPU.Build.0 = Debug|Any CPU
		{D7636D93-5951-4803-92B0-269EFA66B8AF}.Release|Any CPU.ActiveCfg = Release|Any CPU
		{D7636D93-5951-4803-92B0-269EFA66B8AF}.Release|Any CPU.Build.0 = Release|Any CPU
		{8A988A00-9C6D-4150-97E6-7306049465BF}.Debug|Any CPU.ActiveCfg = Debug|Any CPU
		{8A988A00-9C6D-4150-97E6-7306049465BF}.Debug|Any CPU.Build.0 = Debug|Any CPU
		{8A988A00-9C6D-4150-97E6-7306049465BF}.Release|Any CPU.ActiveCfg = Release|Any CPU
		{8A988A00-9C6D-4150-97E6-7306049465BF}.Release|Any CPU.Build.0 = Release|Any CPU
		{BC227183-7A13-4CC6-BC56-CF90CD3FB5F3}.Debug|Any CPU.ActiveCfg = Debug|Any CPU
		{BC227183-7A13-4CC6-BC56-CF90CD3FB5F3}.Debug|Any CPU.Build.0 = Debug|Any CPU
		{BC227183-7A13-4CC6-BC56-CF90CD3FB5F3}.Release|Any CPU.ActiveCfg = Release|Any CPU
		{BC227183-7A13-4CC6-BC56-CF90CD3FB5F3}.Release|Any CPU.Build.0 = Release|Any CPU
	EndGlobalSection
	GlobalSection(SolutionProperties) = preSolution
		HideSolutionNode = FALSE
	EndGlobalSection
	GlobalSection(ExtensibilityGlobals) = postSolution
		SolutionGuid = {4251ADB2-735F-4982-B59D-684A4B115E4D}
	EndGlobalSection
EndGlobal
